
Microsoft Visual Studio Solution File, Format Version 12.00
# Visual Studio 14
VisualStudioVersion = 14.0.25123.0
MinimumVisualStudioVersion = 10.0.40219.1
Project("{2150E333-8FDC-42A3-9474-1A3956D46DE8}") = "API", "API", "{CF0FDBC2-04D6-428B-AAB0-4E7FFF7744CF}"
EndProject
Project("{2150E333-8FDC-42A3-9474-1A3956D46DE8}") = "Core", "Core", "{67A808A4-5F92-422C-9B9F-104CD5EF5BDF}"
EndProject
Project("{2150E333-8FDC-42A3-9474-1A3956D46DE8}") = "Model", "Model", "{905D77A1-11AA-41D0-B95A-BBF94086DC36}"
EndProject
Project("{2150E333-8FDC-42A3-9474-1A3956D46DE8}") = "Database", "Database", "{22941567-8910-4574-B6F3-776317CBBCE0}"
EndProject
Project("{2150E333-8FDC-42A3-9474-1A3956D46DE8}") = "Tests", "Tests", "{DFE3DDDF-3755-44EE-AFB7-D15FFA0B11BE}"
EndProject
Project("{FAE04EC0-301F-11D3-BF4B-00C04F79EFBC}") = "vvarscNET.Web.API", "vvarscNET.Web.API\vvarscNET.Web.API.csproj", "{087223F3-0BAA-4ECA-A16B-DEE0C5900F59}"
EndProject
Project("{FAE04EC0-301F-11D3-BF4B-00C04F79EFBC}") = "vvarscNET.Core", "vvarscNET.Core\vvarscNET.Core.csproj", "{63518D24-8F0B-4696-B6A4-97373099DC07}"
EndProject
Project("{FAE04EC0-301F-11D3-BF4B-00C04F79EFBC}") = "vvarscNET.Core.Data", "vvarscNET.Core.Data\vvarscNET.Core.Data.csproj", "{0C9559AC-9EC8-43F1-84EB-9122EAC285AF}"
EndProject
Project("{FAE04EC0-301F-11D3-BF4B-00C04F79EFBC}") = "vvarscNET.Core.Service", "vvarscNET.Core.Service\vvarscNET.Core.Service.csproj", "{FE15C24F-065C-46FB-B1D6-23EABAEB505E}"
EndProject
Project("{FAE04EC0-301F-11D3-BF4B-00C04F79EFBC}") = "vvarscNET.Model", "vvarscNET.Model\vvarscNET.Model.csproj", "{5BE1FAA1-7C46-438C-80CD-AE2E2097C6FB}"
EndProject
Project("{FAE04EC0-301F-11D3-BF4B-00C04F79EFBC}") = "vvarscNET.Core.Service.UnitTest", "vvarscNET.Core.Service.Test\vvarscNET.Core.Service.UnitTest.csproj", "{DA3D9B43-66EF-41A5-AF66-98F05AF42EAE}"
EndProject
Project("{FAE04EC0-301F-11D3-BF4B-00C04F79EFBC}") = "vvarscNET.Core.UnitTest", "vvarscNET.Core.UnitTest\vvarscNET.Core.UnitTest.csproj", "{85A7F61D-FFEE-440B-BBA7-C20A62E6D406}"
EndProject
Project("{FAE04EC0-301F-11D3-BF4B-00C04F79EFBC}") = "vvarscNET.Web.API.UnitTest", "vvarscNET.Web.API.Test\vvarscNET.Web.API.UnitTest.csproj", "{98204AA8-7C8F-4E56-BE6E-6561472ED47A}"
EndProject
Project("{00D1A9C2-B5F0-4AF3-8072-F6C62B433612}") = "scNET_Core", "vvarscNET.Database\scNET_Core.sqlproj", "{5E2D18D6-A399-485A-AB2C-2F724795C40B}"
EndProject
Project("{2150E333-8FDC-42A3-9474-1A3956D46DE8}") = "Client", "Client", "{20BDE6AA-BC94-41E8-8AE6-ED00AB3D32B4}"
EndProject
Project("{FAE04EC0-301F-11D3-BF4B-00C04F79EFBC}") = "vvarscNET.Web.Client", "vvarscNET.Web.Client\vvarscNET.Web.Client.csproj", "{3653C307-FC36-4702-9BCD-3C29B1D1DF35}"
EndProject
Project("{2150E333-8FDC-42A3-9474-1A3956D46DE8}") = "Tools", "Tools", "{88962540-350C-45C5-A1BB-3B9D9D474D36}"
EndProject
Project("{FAE04EC0-301F-11D3-BF4B-00C04F79EFBC}") = "vvarscNET.DataSetupTool", "vvarscNET.DataSetupTool\vvarscNET.DataSetupTool.csproj", "{8E4BB7F3-1C90-4E19-B8C0-52898A21D655}"
EndProject
Project("{FAE04EC0-301F-11D3-BF4B-00C04F79EFBC}") = "vvarscNET.Test.Helpers", "vvarscNET.Test.Helpers\vvarscNET.Test.Helpers.csproj", "{FDCF13AC-11A0-482C-A212-9A1A72322837}"
EndProject
Global
	GlobalSection(SolutionConfigurationPlatforms) = preSolution
		Debug|Any CPU = Debug|Any CPU
		Release|Any CPU = Release|Any CPU
	EndGlobalSection
	GlobalSection(ProjectConfigurationPlatforms) = postSolution
		{087223F3-0BAA-4ECA-A16B-DEE0C5900F59}.Debug|Any CPU.ActiveCfg = Debug|Any CPU
		{087223F3-0BAA-4ECA-A16B-DEE0C5900F59}.Debug|Any CPU.Build.0 = Debug|Any CPU
		{087223F3-0BAA-4ECA-A16B-DEE0C5900F59}.Release|Any CPU.ActiveCfg = Release|Any CPU
		{087223F3-0BAA-4ECA-A16B-DEE0C5900F59}.Release|Any CPU.Build.0 = Release|Any CPU
		{63518D24-8F0B-4696-B6A4-97373099DC07}.Debug|Any CPU.ActiveCfg = Debug|Any CPU
		{63518D24-8F0B-4696-B6A4-97373099DC07}.Debug|Any CPU.Build.0 = Debug|Any CPU
		{63518D24-8F0B-4696-B6A4-97373099DC07}.Release|Any CPU.ActiveCfg = Release|Any CPU
		{63518D24-8F0B-4696-B6A4-97373099DC07}.Release|Any CPU.Build.0 = Release|Any CPU
		{0C9559AC-9EC8-43F1-84EB-9122EAC285AF}.Debug|Any CPU.ActiveCfg = Debug|Any CPU
		{0C9559AC-9EC8-43F1-84EB-9122EAC285AF}.Debug|Any CPU.Build.0 = Debug|Any CPU
		{0C9559AC-9EC8-43F1-84EB-9122EAC285AF}.Release|Any CPU.ActiveCfg = Release|Any CPU
		{0C9559AC-9EC8-43F1-84EB-9122EAC285AF}.Release|Any CPU.Build.0 = Release|Any CPU
		{FE15C24F-065C-46FB-B1D6-23EABAEB505E}.Debug|Any CPU.ActiveCfg = Debug|Any CPU
		{FE15C24F-065C-46FB-B1D6-23EABAEB505E}.Debug|Any CPU.Build.0 = Debug|Any CPU
		{FE15C24F-065C-46FB-B1D6-23EABAEB505E}.Release|Any CPU.ActiveCfg = Release|Any CPU
		{FE15C24F-065C-46FB-B1D6-23EABAEB505E}.Release|Any CPU.Build.0 = Release|Any CPU
		{5BE1FAA1-7C46-438C-80CD-AE2E2097C6FB}.Debug|Any CPU.ActiveCfg = Debug|Any CPU
		{5BE1FAA1-7C46-438C-80CD-AE2E2097C6FB}.Debug|Any CPU.Build.0 = Debug|Any CPU
		{5BE1FAA1-7C46-438C-80CD-AE2E2097C6FB}.Release|Any CPU.ActiveCfg = Release|Any CPU
		{5BE1FAA1-7C46-438C-80CD-AE2E2097C6FB}.Release|Any CPU.Build.0 = Release|Any CPU
		{DA3D9B43-66EF-41A5-AF66-98F05AF42EAE}.Debug|Any CPU.ActiveCfg = Debug|Any CPU
		{DA3D9B43-66EF-41A5-AF66-98F05AF42EAE}.Debug|Any CPU.Build.0 = Debug|Any CPU
		{DA3D9B43-66EF-41A5-AF66-98F05AF42EAE}.Release|Any CPU.ActiveCfg = Release|Any CPU
		{DA3D9B43-66EF-41A5-AF66-98F05AF42EAE}.Release|Any CPU.Build.0 = Release|Any CPU
		{85A7F61D-FFEE-440B-BBA7-C20A62E6D406}.Debug|Any CPU.ActiveCfg = Debug|Any CPU
		{85A7F61D-FFEE-440B-BBA7-C20A62E6D406}.Debug|Any CPU.Build.0 = Debug|Any CPU
		{85A7F61D-FFEE-440B-BBA7-C20A62E6D406}.Release|Any CPU.ActiveCfg = Release|Any CPU
		{85A7F61D-FFEE-440B-BBA7-C20A62E6D406}.Release|Any CPU.Build.0 = Release|Any CPU
		{98204AA8-7C8F-4E56-BE6E-6561472ED47A}.Debug|Any CPU.ActiveCfg = Debug|Any CPU
		{98204AA8-7C8F-4E56-BE6E-6561472ED47A}.Debug|Any CPU.Build.0 = Debug|Any CPU
		{98204AA8-7C8F-4E56-BE6E-6561472ED47A}.Release|Any CPU.ActiveCfg = Release|Any CPU
		{98204AA8-7C8F-4E56-BE6E-6561472ED47A}.Release|Any CPU.Build.0 = Release|Any CPU
		{5E2D18D6-A399-485A-AB2C-2F724795C40B}.Debug|Any CPU.ActiveCfg = Debug|Any CPU
		{5E2D18D6-A399-485A-AB2C-2F724795C40B}.Debug|Any CPU.Build.0 = Debug|Any CPU
		{5E2D18D6-A399-485A-AB2C-2F724795C40B}.Debug|Any CPU.Deploy.0 = Debug|Any CPU
		{5E2D18D6-A399-485A-AB2C-2F724795C40B}.Release|Any CPU.ActiveCfg = Release|Any CPU
		{5E2D18D6-A399-485A-AB2C-2F724795C40B}.Release|Any CPU.Build.0 = Release|Any CPU
		{5E2D18D6-A399-485A-AB2C-2F724795C40B}.Release|Any CPU.Deploy.0 = Release|Any CPU
		{3653C307-FC36-4702-9BCD-3C29B1D1DF35}.Debug|Any CPU.ActiveCfg = Debug|Any CPU
		{3653C307-FC36-4702-9BCD-3C29B1D1DF35}.Debug|Any CPU.Build.0 = Debug|Any CPU
		{3653C307-FC36-4702-9BCD-3C29B1D1DF35}.Release|Any CPU.ActiveCfg = Release|Any CPU
		{3653C307-FC36-4702-9BCD-3C29B1D1DF35}.Release|Any CPU.Build.0 = Release|Any CPU
		{8E4BB7F3-1C90-4E19-B8C0-52898A21D655}.Debug|Any CPU.ActiveCfg = Debug|Any CPU
		{8E4BB7F3-1C90-4E19-B8C0-52898A21D655}.Debug|Any CPU.Build.0 = Debug|Any CPU
		{8E4BB7F3-1C90-4E19-B8C0-52898A21D655}.Release|Any CPU.ActiveCfg = Release|Any CPU
		{8E4BB7F3-1C90-4E19-B8C0-52898A21D655}.Release|Any CPU.Build.0 = Release|Any CPU
		{FDCF13AC-11A0-482C-A212-9A1A72322837}.Debug|Any CPU.ActiveCfg = Debug|Any CPU
		{FDCF13AC-11A0-482C-A212-9A1A72322837}.Debug|Any CPU.Build.0 = Debug|Any CPU
		{FDCF13AC-11A0-482C-A212-9A1A72322837}.Release|Any CPU.ActiveCfg = Release|Any CPU
		{FDCF13AC-11A0-482C-A212-9A1A72322837}.Release|Any CPU.Build.0 = Release|Any CPU
	EndGlobalSection
	GlobalSection(SolutionProperties) = preSolution
		HideSolutionNode = FALSE
	EndGlobalSection
	GlobalSection(NestedProjects) = preSolution
		{087223F3-0BAA-4ECA-A16B-DEE0C5900F59} = {CF0FDBC2-04D6-428B-AAB0-4E7FFF7744CF}
		{63518D24-8F0B-4696-B6A4-97373099DC07} = {67A808A4-5F92-422C-9B9F-104CD5EF5BDF}
		{0C9559AC-9EC8-43F1-84EB-9122EAC285AF} = {67A808A4-5F92-422C-9B9F-104CD5EF5BDF}
		{FE15C24F-065C-46FB-B1D6-23EABAEB505E} = {67A808A4-5F92-422C-9B9F-104CD5EF5BDF}
		{5BE1FAA1-7C46-438C-80CD-AE2E2097C6FB} = {905D77A1-11AA-41D0-B95A-BBF94086DC36}
		{DA3D9B43-66EF-41A5-AF66-98F05AF42EAE} = {DFE3DDDF-3755-44EE-AFB7-D15FFA0B11BE}
		{85A7F61D-FFEE-440B-BBA7-C20A62E6D406} = {DFE3DDDF-3755-44EE-AFB7-D15FFA0B11BE}
		{98204AA8-7C8F-4E56-BE6E-6561472ED47A} = {DFE3DDDF-3755-44EE-AFB7-D15FFA0B11BE}
		{5E2D18D6-A399-485A-AB2C-2F724795C40B} = {22941567-8910-4574-B6F3-776317CBBCE0}
		{3653C307-FC36-4702-9BCD-3C29B1D1DF35} = {20BDE6AA-BC94-41E8-8AE6-ED00AB3D32B4}
		{8E4BB7F3-1C90-4E19-B8C0-52898A21D655} = {88962540-350C-45C5-A1BB-3B9D9D474D36}
		{FDCF13AC-11A0-482C-A212-9A1A72322837} = {DFE3DDDF-3755-44EE-AFB7-D15FFA0B11BE}
	EndGlobalSection
EndGlobal
